// !$*UTF8*$!
{
	archiveVersion = 1;
	classes = {
	};
	objectVersion = 46;
	objects = {

/* Begin PBXBuildFile section */
		6BF30B091DDADD39001F8514 /* main.m in Sources */ = {isa = PBXBuildFile; fileRef = 6BF30B081DDADD39001F8514 /* main.m */; };
		6BF30B111DDADD66001F8514 /* Person.m in Sources */ = {isa = PBXBuildFile; fileRef = 6BF30B101DDADD66001F8514 /* Person.m */; };
		6BF30B141DDAE103001F8514 /* Person+FullName.m in Sources */ = {isa = PBXBuildFile; fileRef = 6BF30B131DDAE103001F8514 /* Person+FullName.m */; };
		6BF30B171DDAEBD4001F8514 /* Employee.m in Sources */ = {isa = PBXBuildFile; fileRef = 6BF30B161DDAEBD4001F8514 /* Employee.m */; };
/* End PBXBuildFile section */

/* Begin PBXCopyFilesBuildPhase section */
		6BF30B031DDADD39001F8514 /* CopyFiles */ = {
			isa = PBXCopyFilesBuildPhase;
			buildActionMask = 2147483647;
			dstPath = /usr/share/man/man1/;
			dstSubfolderSpec = 0;
			files = (
			);
			runOnlyForDeploymentPostprocessing = 1;
		};
/* End PBXCopyFilesBuildPhase section */

/* Begin PBXFileReference section */
		6BF30B051DDADD39001F8514 /* ASEmployeeDetailsApp */ = {isa = PBXFileReference; explicitFileType = "compiled.mach-o.executable"; includeInIndex = 0; path = ASEmployeeDetailsApp; sourceTree = BUILT_PRODUCTS_DIR; };
		6BF30B081DDADD39001F8514 /* main.m */ = {isa = PBXFileReference; lastKnownFileType = sourcecode.c.objc; path = main.m; sourceTree = "<group>"; };
		6BF30B0F1DDADD66001F8514 /* Person.h */ = {isa = PBXFileReference; fileEncoding = 4; lastKnownFileType = sourcecode.c.h; path = Person.h; sourceTree = "<group>"; };
		6BF30B101DDADD66001F8514 /* Person.m */ = {isa = PBXFileReference; fileEncoding = 4; lastKnownFileType = sourcecode.c.objc; path = Person.m; sourceTree = "<group>"; };
		6BF30B121DDAE103001F8514 /* Person+FullName.h */ = {isa = PBXFileReference; fileEncoding = 4; lastKnownFileType = sourcecode.c.h; path = "Person+FullName.h"; sourceTree = "<group>"; };
		6BF30B131DDAE103001F8514 /* Person+FullName.m */ = {isa = PBXFileReference; fileEncoding = 4; lastKnownFileType = sourcecode.c.objc; path = "Person+FullName.m"; sourceTree = "<group>"; };
		6BF30B151DDAEBD4001F8514 /* Employee.h */ = {isa = PBXFileReference; fileEncoding = 4; lastKnownFileType = sourcecode.c.h; path = Employee.h; sourceTree = "<group>"; };
		6BF30B161DDAEBD4001F8514 /* Employee.m */ = {isa = PBXFileReference; fileEncoding = 4; lastKnownFileType = sourcecode.c.objc; path = Employee.m; sourceTree = "<group>"; };
		6BF30B181DDAEEDE001F8514 /* EmployeeDelegate.h */ = {isa = PBXFileReference; fileEncoding = 4; lastKnownFileType = sourcecode.c.h; path = EmployeeDelegate.h; sourceTree = "<group>"; };
/* End PBXFileReference section */

/* Begin PBXFrameworksBuildPhase section */
		6BF30B021DDADD39001F8514 /* Frameworks */ = {
			isa = PBXFrameworksBuildPhase;
			buildActionMask = 2147483647;
			files = (
			);
			runOnlyForDeploymentPostprocessing = 0;
		};
/* End PBXFrameworksBuildPhase section */

/* Begin PBXGroup section */
		6BF30AFC1DDADD39001F8514 = {
			isa = PBXGroup;
			children = (
				6BF30B071DDADD39001F8514 /* ASEmployeeDetailsApp */,
				6BF30B061DDADD39001F8514 /* Products */,
			);
			sourceTree = "<group>";
		};
		6BF30B061DDADD39001F8514 /* Products */ = {
			isa = PBXGroup;
			children = (
				6BF30B051DDADD39001F8514 /* ASEmployeeDetailsApp */,
			);
			name = Products;
			sourceTree = "<group>";
		};
		6BF30B071DDADD39001F8514 /* ASEmployeeDetailsApp */ = {
			isa = PBXGroup;
			children = (
				6BF30B081DDADD39001F8514 /* main.m */,
				6BF30B181DDAEEDE001F8514 /* EmployeeDelegate.h */,
				6BF30B151DDAEBD4001F8514 /* Employee.h */,
				6BF30B161DDAEBD4001F8514 /* Employee.m */,
				6BF30B121DDAE103001F8514 /* Person+FullName.h */,
				6BF30B131DDAE103001F8514 /* Person+FullName.m */,
				6BF30B0F1DDADD66001F8514 /* Person.h */,
				6BF30B101DDADD66001F8514 /* Person.m */,
			);
			path = ASEmployeeDetailsApp;
			sourceTree = "<group>";
		};
/* End PBXGroup section */

/* Begin PBXNativeTarget section */
		6BF30B041DDADD39001F8514 /* ASEmployeeDetailsApp */ = {
			isa = PBXNativeTarget;
			buildConfigurationList = 6BF30B0C1DDADD39001F8514 /* Build configuration list for PBXNativeTarget "ASEmployeeDetailsApp" */;
			buildPhases = (
				6BF30B011DDADD39001F8514 /* Sources */,
				6BF30B021DDADD39001F8514 /* Frameworks */,
				6BF30B031DDADD39001F8514 /* CopyFiles */,
			);
			buildRules = (
			);
			dependencies = (
			);
			name = ASEmployeeDetailsApp;
			productName = ASEmployeeDetailsApp;
			productReference = 6BF30B051DDADD39001F8514 /* ASEmployeeDetailsApp */;
			productType = "com.apple.product-type.tool";
		};
/* End PBXNativeTarget section */

/* Begin PBXProject section */
		6BF30AFD1DDADD39001F8514 /* Project object */ = {
			isa = PBXProject;
			attributes = {
				LastUpgradeCheck = 0730;
				ORGANIZATIONNAME = Afsana;
				TargetAttributes = {
					6BF30B041DDADD39001F8514 = {
						CreatedOnToolsVersion = 7.3.1;
					};
				};
			};
			buildConfigurationList = 6BF30B001DDADD39001F8514 /* Build configuration list for PBXProject "ASEmployeeDetailsApp" */;
			compatibilityVersion = "Xcode 3.2";
			developmentRegion = English;
			hasScannedForEncodings = 0;
			knownRegions = (
				en,
			);
			mainGroup = 6BF30AFC1DDADD39001F8514;
			productRefGroup = 6BF30B061DDADD39001F8514 /* Products */;
			projectDirPath = "";
			projectRoot = "";
			targets = (
				6BF30B041DDADD39001F8514 /* ASEmployeeDetailsApp */,
			);
		};
/* End PBXProject section */

/* Begin PBXSourcesBuildPhase section */
		6BF30B011DDADD39001F8514 /* Sources */ = {
			isa = PBXSourcesBuildPhase;
			buildActionMask = 2147483647;
			files = (
				6BF30B141DDAE103001F8514 /* Person+FullName.m in Sources */,
				6BF30B171DDAEBD4001F8514 /* Employee.m in Sources */,
				6BF30B111DDADD66001F8514 /* Person.m in Sources */,
				6BF30B091DDADD39001F8514 /* main.m in Sources */,
			);
			runOnlyForDeploymentPostprocessing = 0;
		};
/* End PBXSourcesBuildPhase section */

/* Begin XCBuildConfiguration section */
		6BF30B0A1DDADD39001F8514 /* Debug */ = {
			isa = XCBuildConfiguration;
			buildSettings = {
				ALWAYS_SEARCH_USER_PATHS = NO;
				CLANG_ANALYZER_NONNULL = YES;
				CLANG_CXX_LANGUAGE_STANDARD = "gnu++0x";
				CLANG_CXX_LIBRARY = "libc++";
				CLANG_ENABLE_MODULES = YES;
				CLANG_ENABLE_OBJC_ARC = YES;
				CLANG_WARN_BOOL_CONVERSION = YES;
				CLANG_WARN_CONSTANT_CONVERSION = YES;
				CLANG_WARN_DIRECT_OBJC_ISA_USAGE = YES_ERROR;
				CLANG_WARN_EMPTY_BODY = YES;
				CLANG_WARN_ENUM_CONVERSION = YES;
				CLANG_WARN_INT_CONVERSION = YES;
				CLANG_WARN_OBJC_ROOT_CLASS = YES_ERROR;
				CLANG_WARN_UNREACHABLE_CODE = YES;
				CLANG_WARN__DUPLICATE_METHOD_MATCH = YES;
				CODE_SIGN_IDENTITY = "-";
				COPY_PHASE_STRIP = NO;
				DEBUG_INFORMATION_FORMAT = dwarf;
				ENABLE_STRICT_OBJC_MSGSEND = YES;
				ENABLE_TESTABILITY = YES;
				GCC_C_LANGUAGE_STANDARD = gnu99;
				GCC_DYNAMIC_NO_PIC = NO;
				GCC_NO_COMMON_BLOCKS = YES;
				GCC_OPTIMIZATION_LEVEL = 0;
				GCC_PREPROCESSOR_DEFINITIONS = (
					"DEBUG=1",
					"$(inherited)",
				);
				GCC_WARN_64_TO_32_BIT_CONVERSION = YES;
				GCC_WARN_ABOUT_RETURN_TYPE = YES_ERROR;
				GCC_WARN_UNDECLARED_SELECTOR = YES;
				GCC_WARN_UNINITIALIZED_AUTOS = YES_AGGRESSIVE;
				GCC_WARN_UNUSED_FUNCTION = YES;
				GCC_WARN_UNUSED_VARIABLE = YES;
				MACOSX_DEPLOYMENT_TARGET = 10.11;
				MTL_ENABLE_DEBUG_INFO = YES;
				ONLY_ACTIVE_ARCH = YES;
				SDKROOT = macosx;
			};
			name = Debug;
		};
		6BF30B0B1DDADD39001F8514 /* Release */ = {
			isa = XCBuildConfiguration;
			buildSettings = {
				ALWAYS_SEARCH_USER_PATHS = NO;
				CLANG_ANALYZER_NONNULL = YES;
				CLANG_CXX_LANGUAGE_STANDARD = "gnu++0x";
				CLANG_CXX_LIBRARY = "libc++";
				CLANG_ENABLE_MODULES = YES;
				CLANG_ENABLE_OBJC_ARC = YES;
				CLANG_WARN_BOOL_CONVERSION = YES;
				CLANG_WARN_CONSTANT_CONVERSION = YES;
				CLANG_WARN_DIRECT_OBJC_ISA_USAGE = YES_ERROR;
				CLANG_WARN_EMPTY_BODY = YES;
				CLANG_WARN_ENUM_CONVERSION = YES;
				CLANG_WARN_INT_CONVERSION = YES;
				CLANG_WARN_OBJC_ROOT_CLASS = YES_ERROR;
				CLANG_WARN_UNREACHABLE_CODE = YES;
				CLANG_WARN__DUPLICATE_METHOD_MATCH = YES;
				CODE_SIGN_IDENTITY = "-";
				COPY_PHASE_STRIP = NO;
				DEBUG_INFORMATION_FORMAT = "dwarf-with-dsym";
				ENABLE_NS_ASSERTIONS = NO;
				ENABLE_STRICT_OBJC_MSGSEND = YES;
				GCC_C_LANGUAGE_STANDARD = gnu99;
				GCC_NO_COMMON_BLOCKS = YES;
				GCC_WARN_64_TO_32_BIT_CONVERSION = YES;
				GCC_WARN_ABOUT_RETURN_TYPE = YES_ERROR;
				GCC_WARN_UNDECLARED_SELECTOR = YES;
				GCC_WARN_UNINITIALIZED_AUTOS = YES_AGGRESSIVE;
				GCC_WARN_UNUSED_FUNCTION = YES;
				GCC_WARN_UNUSED_VARIABLE = YES;
				MACOSX_DEPLOYMENT_TARGET = 10.11;
				MTL_ENABLE_DEBUG_INFO = NO;
				SDKROOT = macosx;
			};
			name = Release;
		};
		6BF30B0D1DDADD39001F8514 /* Debug */ = {
			isa = XCBuildConfiguration;
			buildSettings = {
				PRODUCT_NAME = "$(TARGET_NAME)";
			};
			name = Debug;
		};
		6BF30B0E1DDADD39001F8514 /* Release */ = {
			isa = XCBuildConfiguration;
			buildSettings = {
				PRODUCT_NAME = "$(TARGET_NAME)";
			};
			name = Release;
		};
/* End XCBuildConfiguration section */

/* Begin XCConfigurationList section */
		6BF30B001DDADD39001F8514 /* Build configuration list for PBXProject "ASEmployeeDetailsApp" */ = {
			isa = XCConfigurationList;
			buildConfigurations = (
				6BF30B0A1DDADD39001F8514 /* Debug */,
				6BF30B0B1DDADD39001F8514 /* Release */,
			);
			defaultConfigurationIsVisible = 0;
			defaultConfigurationName = Release;
		};
		6BF30B0C1DDADD39001F8514 /* Build configuration list for PBXNativeTarget "ASEmployeeDetailsApp" */ = {
			isa = XCConfigurationList;
			buildConfigurations = (
				6BF30B0D1DDADD39001F8514 /* Debug */,
				6BF30B0E1DDADD39001F8514 /* Release */,
			);
			defaultConfigurationIsVisible = 0;
		};
/* End XCConfigurationList section */
	};
	rootObject = 6BF30AFD1DDADD39001F8514 /* Project object */;
}
